
Microsoft Visual Studio Solution File, Format Version 12.00
# Visual Studio Version 17
VisualStudioVersion = 17.5.33627.172
MinimumVisualStudioVersion = 10.0.40219.1
Project("{FAE04EC0-301F-11D3-BF4B-00C04F79EFBC}") = "KelinkKeygen", "KelinkKeygen.csproj", "{B9FD4A36-4937-4720-9994-A3E6FD8973FA}"
EndProject
Global
	GlobalSection(SolutionConfigurationPlatforms) = preSolution
		Debug|Any CPU = Debug|Any CPU
		Release|Any CPU = Release|Any CPU
	EndGlobalSection
	GlobalSection(ProjectConfigurationPlatforms) = postSolution
		{B9FD4A36-4937-4720-9994-A3E6FD8973FA}.Debug|Any CPU.ActiveCfg = Debug|Any CPU
		{B9FD4A36-4937-4720-9994-A3E6FD8973FA}.Debug|Any CPU.Build.0 = Debug|Any CPU
		{B9FD4A36-4937-4720-9994-A3E6FD8973FA}.Release|Any CPU.ActiveCfg = Release|Any CPU
		{B9FD4A36-4937-4720-9994-A3E6FD8973FA}.Release|Any CPU.Build.0 = Release|Any CPU
	EndGlobalSection
	GlobalSection(SolutionProperties) = preSolution
		HideSolutionNode = FALSE
	EndGlobalSection
	GlobalSection(ExtensibilityGlobals) = postSolution
		SolutionGuid = {59CEE3D6-58D3-4A78-8D48-A7632B1E3B87}
	EndGlobalSection
EndGlobal
